
Microsoft Visual Studio Solution File, Format Version 12.00
# Visual Studio Version 16
VisualStudioVersion = 16.0.30711.63
MinimumVisualStudioVersion = 10.0.40219.1
Project("{6EC3EE1D-3C4E-46DD-8F32-0CC8E7565705}") = "scry", "scry\scry.fsproj", "{7090E897-803C-4309-9CA7-CE24F245BE86}"
EndProject
Project("{6EC3EE1D-3C4E-46DD-8F32-0CC8E7565705}") = "cockatrize", "cockatrize\cockatrize.fsproj", "{3AE9A9E8-8CF9-415C-93E0-1DF968CB034D}"
EndProject
Project("{6EC3EE1D-3C4E-46DD-8F32-0CC8E7565705}") = "cockatrize.tests", "cockatrize.tests\cockatrize.tests.fsproj", "{E71CCB27-B4B1-4DCD-9EA6-5B96D9179C1F}"
EndProject
Project("{6EC3EE1D-3C4E-46DD-8F32-0CC8E7565705}") = "designer", "designer\designer.fsproj", "{615A8A52-6052-4144-89BC-A81DEEC1510D}"
EndProject
Project("{6EC3EE1D-3C4E-46DD-8F32-0CC8E7565705}") = "designer.tests", "designer.tests\designer.tests.fsproj", "{8D4D13AB-00D7-4C9C-89B6-AD1EADD1552A}"
EndProject
Project("{6EC3EE1D-3C4E-46DD-8F32-0CC8E7565705}") = "archivist", "archivist\archivist.fsproj", "{D92F9131-1096-44BB-A703-4EB914FA0E16}"
EndProject
Project("{F2A71F9B-5D33-465A-A702-920D77279786}") = "shared", "shared\shared.fsproj", "{2A7333C8-2D45-4971-BFD7-AFF82A84B44D}"
EndProject
Project("{2150E333-8FDC-42A3-9474-1A3956D46DE8}") = "lib", "lib", "{125855F8-721C-429C-B794-0B3ACF8FDE39}"
EndProject
Project("{2150E333-8FDC-42A3-9474-1A3956D46DE8}") = "app", "app", "{EB84AF26-91D6-4BD1-BD96-771FB5406E92}"
EndProject
Project("{2150E333-8FDC-42A3-9474-1A3956D46DE8}") = "test", "test", "{4F1CEFA4-1047-498E-B39A-ADA9133E61AA}"
EndProject
Global
	GlobalSection(SolutionConfigurationPlatforms) = preSolution
		Debug|Any CPU = Debug|Any CPU
		Release|Any CPU = Release|Any CPU
	EndGlobalSection
	GlobalSection(ProjectConfigurationPlatforms) = postSolution
		{7090E897-803C-4309-9CA7-CE24F245BE86}.Debug|Any CPU.ActiveCfg = Debug|Any CPU
		{7090E897-803C-4309-9CA7-CE24F245BE86}.Debug|Any CPU.Build.0 = Debug|Any CPU
		{7090E897-803C-4309-9CA7-CE24F245BE86}.Release|Any CPU.ActiveCfg = Release|Any CPU
		{7090E897-803C-4309-9CA7-CE24F245BE86}.Release|Any CPU.Build.0 = Release|Any CPU
		{3AE9A9E8-8CF9-415C-93E0-1DF968CB034D}.Debug|Any CPU.ActiveCfg = Debug|Any CPU
		{3AE9A9E8-8CF9-415C-93E0-1DF968CB034D}.Debug|Any CPU.Build.0 = Debug|Any CPU
		{3AE9A9E8-8CF9-415C-93E0-1DF968CB034D}.Release|Any CPU.ActiveCfg = Release|Any CPU
		{3AE9A9E8-8CF9-415C-93E0-1DF968CB034D}.Release|Any CPU.Build.0 = Release|Any CPU
		{E71CCB27-B4B1-4DCD-9EA6-5B96D9179C1F}.Debug|Any CPU.ActiveCfg = Debug|Any CPU
		{E71CCB27-B4B1-4DCD-9EA6-5B96D9179C1F}.Debug|Any CPU.Build.0 = Debug|Any CPU
		{E71CCB27-B4B1-4DCD-9EA6-5B96D9179C1F}.Release|Any CPU.ActiveCfg = Release|Any CPU
		{E71CCB27-B4B1-4DCD-9EA6-5B96D9179C1F}.Release|Any CPU.Build.0 = Release|Any CPU
		{615A8A52-6052-4144-89BC-A81DEEC1510D}.Debug|Any CPU.ActiveCfg = Debug|Any CPU
		{615A8A52-6052-4144-89BC-A81DEEC1510D}.Debug|Any CPU.Build.0 = Debug|Any CPU
		{615A8A52-6052-4144-89BC-A81DEEC1510D}.Release|Any CPU.ActiveCfg = Release|Any CPU
		{615A8A52-6052-4144-89BC-A81DEEC1510D}.Release|Any CPU.Build.0 = Release|Any CPU
		{8D4D13AB-00D7-4C9C-89B6-AD1EADD1552A}.Debug|Any CPU.ActiveCfg = Debug|Any CPU
		{8D4D13AB-00D7-4C9C-89B6-AD1EADD1552A}.Debug|Any CPU.Build.0 = Debug|Any CPU
		{8D4D13AB-00D7-4C9C-89B6-AD1EADD1552A}.Release|Any CPU.ActiveCfg = Release|Any CPU
		{8D4D13AB-00D7-4C9C-89B6-AD1EADD1552A}.Release|Any CPU.Build.0 = Release|Any CPU
		{D92F9131-1096-44BB-A703-4EB914FA0E16}.Debug|Any CPU.ActiveCfg = Debug|Any CPU
		{D92F9131-1096-44BB-A703-4EB914FA0E16}.Debug|Any CPU.Build.0 = Debug|Any CPU
		{D92F9131-1096-44BB-A703-4EB914FA0E16}.Release|Any CPU.ActiveCfg = Release|Any CPU
		{D92F9131-1096-44BB-A703-4EB914FA0E16}.Release|Any CPU.Build.0 = Release|Any CPU
		{2A7333C8-2D45-4971-BFD7-AFF82A84B44D}.Debug|Any CPU.ActiveCfg = Debug|Any CPU
		{2A7333C8-2D45-4971-BFD7-AFF82A84B44D}.Debug|Any CPU.Build.0 = Debug|Any CPU
		{2A7333C8-2D45-4971-BFD7-AFF82A84B44D}.Release|Any CPU.ActiveCfg = Release|Any CPU
		{2A7333C8-2D45-4971-BFD7-AFF82A84B44D}.Release|Any CPU.Build.0 = Release|Any CPU
	EndGlobalSection
	GlobalSection(SolutionProperties) = preSolution
		HideSolutionNode = FALSE
	EndGlobalSection
	GlobalSection(NestedProjects) = preSolution
		{7090E897-803C-4309-9CA7-CE24F245BE86} = {EB84AF26-91D6-4BD1-BD96-771FB5406E92}
		{3AE9A9E8-8CF9-415C-93E0-1DF968CB034D} = {EB84AF26-91D6-4BD1-BD96-771FB5406E92}
		{E71CCB27-B4B1-4DCD-9EA6-5B96D9179C1F} = {4F1CEFA4-1047-498E-B39A-ADA9133E61AA}
		{615A8A52-6052-4144-89BC-A81DEEC1510D} = {EB84AF26-91D6-4BD1-BD96-771FB5406E92}
		{8D4D13AB-00D7-4C9C-89B6-AD1EADD1552A} = {4F1CEFA4-1047-498E-B39A-ADA9133E61AA}
		{D92F9131-1096-44BB-A703-4EB914FA0E16} = {EB84AF26-91D6-4BD1-BD96-771FB5406E92}
		{2A7333C8-2D45-4971-BFD7-AFF82A84B44D} = {125855F8-721C-429C-B794-0B3ACF8FDE39}
	EndGlobalSection
	GlobalSection(ExtensibilityGlobals) = postSolution
		SolutionGuid = {AB067332-70D7-4E6A-8427-18A34177F1CB}
	EndGlobalSection
EndGlobal
